
Microsoft Visual Studio Solution File, Format Version 12.00
# Visual Studio Version 16
VisualStudioVersion = 16.0.31729.503
MinimumVisualStudioVersion = 10.0.40219.1
Project("{8BC9CEB8-8B4A-11D0-8D11-00A0C91BC942}") = "Gauss method", "Gauss method\Gauss method.vcxproj", "{F447D7D9-7AC7-43C6-A6A5-C077A733EFAA}"
EndProject
Global
	GlobalSection(SolutionConfigurationPlatforms) = preSolution
		Debug|x64 = Debug|x64
		Debug|x86 = Debug|x86
		Release|x64 = Release|x64
		Release|x86 = Release|x86
	EndGlobalSection
	GlobalSection(ProjectConfigurationPlatforms) = postSolution
		{F447D7D9-7AC7-43C6-A6A5-C077A733EFAA}.Debug|x64.ActiveCfg = Debug|x64
		{F447D7D9-7AC7-43C6-A6A5-C077A733EFAA}.Debug|x64.Build.0 = Debug|x64
		{F447D7D9-7AC7-43C6-A6A5-C077A733EFAA}.Debug|x86.ActiveCfg = Debug|Win32
		{F447D7D9-7AC7-43C6-A6A5-C077A733EFAA}.Debug|x86.Build.0 = Debug|Win32
		{F447D7D9-7AC7-43C6-A6A5-C077A733EFAA}.Release|x64.ActiveCfg = Release|x64
		{F447D7D9-7AC7-43C6-A6A5-C077A733EFAA}.Release|x64.Build.0 = Release|x64
		{F447D7D9-7AC7-43C6-A6A5-C077A733EFAA}.Release|x86.ActiveCfg = Release|Win32
		{F447D7D9-7AC7-43C6-A6A5-C077A733EFAA}.Release|x86.Build.0 = Release|Win32
	EndGlobalSection
	GlobalSection(SolutionProperties) = preSolution
		HideSolutionNode = FALSE
	EndGlobalSection
	GlobalSection(ExtensibilityGlobals) = postSolution
		SolutionGuid = {E3BB5D16-5E69-49D3-9BAD-0EBC5650F781}
	EndGlobalSection
EndGlobal
