
Microsoft Visual Studio Solution File, Format Version 12.00
# Visual Studio Version 16
VisualStudioVersion = 16.0.31729.503
MinimumVisualStudioVersion = 10.0.40219.1
Project("{8BC9CEB8-8B4A-11D0-8D11-00A0C91BC942}") = "Gause method", "Gause method.vcxproj", "{36C1FE2F-C5FB-4F11-BC9F-B17890D24734}"
EndProject
Global
	GlobalSection(SolutionConfigurationPlatforms) = preSolution
		Debug|x64 = Debug|x64
		Debug|x86 = Debug|x86
		Release|x64 = Release|x64
		Release|x86 = Release|x86
	EndGlobalSection
	GlobalSection(ProjectConfigurationPlatforms) = postSolution
		{36C1FE2F-C5FB-4F11-BC9F-B17890D24734}.Debug|x64.ActiveCfg = Debug|x64
		{36C1FE2F-C5FB-4F11-BC9F-B17890D24734}.Debug|x64.Build.0 = Debug|x64
		{36C1FE2F-C5FB-4F11-BC9F-B17890D24734}.Debug|x86.ActiveCfg = Debug|Win32
		{36C1FE2F-C5FB-4F11-BC9F-B17890D24734}.Debug|x86.Build.0 = Debug|Win32
		{36C1FE2F-C5FB-4F11-BC9F-B17890D24734}.Release|x64.ActiveCfg = Release|x64
		{36C1FE2F-C5FB-4F11-BC9F-B17890D24734}.Release|x64.Build.0 = Release|x64
		{36C1FE2F-C5FB-4F11-BC9F-B17890D24734}.Release|x86.ActiveCfg = Release|Win32
		{36C1FE2F-C5FB-4F11-BC9F-B17890D24734}.Release|x86.Build.0 = Release|Win32
	EndGlobalSection
	GlobalSection(SolutionProperties) = preSolution
		HideSolutionNode = FALSE
	EndGlobalSection
	GlobalSection(ExtensibilityGlobals) = postSolution
		SolutionGuid = {17928C1D-6E6E-4215-9ECA-43F949982B05}
	EndGlobalSection
EndGlobal
