
Microsoft Visual Studio Solution File, Format Version 12.00
# Visual Studio Version 16
VisualStudioVersion = 16.0.31729.503
MinimumVisualStudioVersion = 10.0.40219.1
Project("{8BC9CEB8-8B4A-11D0-8D11-00A0C91BC942}") = "QuickSort", "QuickSort\QuickSort.vcxproj", "{B8B78A58-CB69-4B72-A091-BF8BC1463F32}"
EndProject
Global
	GlobalSection(SolutionConfigurationPlatforms) = preSolution
		Debug|x64 = Debug|x64
		Debug|x86 = Debug|x86
		Release|x64 = Release|x64
		Release|x86 = Release|x86
	EndGlobalSection
	GlobalSection(ProjectConfigurationPlatforms) = postSolution
		{B8B78A58-CB69-4B72-A091-BF8BC1463F32}.Debug|x64.ActiveCfg = Debug|x64
		{B8B78A58-CB69-4B72-A091-BF8BC1463F32}.Debug|x64.Build.0 = Debug|x64
		{B8B78A58-CB69-4B72-A091-BF8BC1463F32}.Debug|x86.ActiveCfg = Debug|Win32
		{B8B78A58-CB69-4B72-A091-BF8BC1463F32}.Debug|x86.Build.0 = Debug|Win32
		{B8B78A58-CB69-4B72-A091-BF8BC1463F32}.Release|x64.ActiveCfg = Release|x64
		{B8B78A58-CB69-4B72-A091-BF8BC1463F32}.Release|x64.Build.0 = Release|x64
		{B8B78A58-CB69-4B72-A091-BF8BC1463F32}.Release|x86.ActiveCfg = Release|Win32
		{B8B78A58-CB69-4B72-A091-BF8BC1463F32}.Release|x86.Build.0 = Release|Win32
	EndGlobalSection
	GlobalSection(SolutionProperties) = preSolution
		HideSolutionNode = FALSE
	EndGlobalSection
	GlobalSection(ExtensibilityGlobals) = postSolution
		SolutionGuid = {69146A3C-88DD-481C-B1D3-98ABC2CD3B02}
	EndGlobalSection
EndGlobal
