
Microsoft Visual Studio Solution File, Format Version 12.00
# Visual Studio Version 16
VisualStudioVersion = 16.0.32228.343
MinimumVisualStudioVersion = 10.0.40219.1
Project("{8BC9CEB8-8B4A-11D0-8D11-00A0C91BC942}") = "Gauss method", "Gauss method\Gauss method.vcxproj", "{21D1FE9B-3F11-470C-8519-143F35ED1F67}"
EndProject
Global
	GlobalSection(SolutionConfigurationPlatforms) = preSolution
		Debug|x64 = Debug|x64
		Debug|x86 = Debug|x86
		Release|x64 = Release|x64
		Release|x86 = Release|x86
	EndGlobalSection
	GlobalSection(ProjectConfigurationPlatforms) = postSolution
		{21D1FE9B-3F11-470C-8519-143F35ED1F67}.Debug|x64.ActiveCfg = Debug|x64
		{21D1FE9B-3F11-470C-8519-143F35ED1F67}.Debug|x64.Build.0 = Debug|x64
		{21D1FE9B-3F11-470C-8519-143F35ED1F67}.Debug|x86.ActiveCfg = Debug|Win32
		{21D1FE9B-3F11-470C-8519-143F35ED1F67}.Debug|x86.Build.0 = Debug|Win32
		{21D1FE9B-3F11-470C-8519-143F35ED1F67}.Release|x64.ActiveCfg = Release|x64
		{21D1FE9B-3F11-470C-8519-143F35ED1F67}.Release|x64.Build.0 = Release|x64
		{21D1FE9B-3F11-470C-8519-143F35ED1F67}.Release|x86.ActiveCfg = Release|Win32
		{21D1FE9B-3F11-470C-8519-143F35ED1F67}.Release|x86.Build.0 = Release|Win32
	EndGlobalSection
	GlobalSection(SolutionProperties) = preSolution
		HideSolutionNode = FALSE
	EndGlobalSection
	GlobalSection(ExtensibilityGlobals) = postSolution
		SolutionGuid = {C90EB2E7-F3EC-43A5-9E73-FB3DF88A220F}
	EndGlobalSection
EndGlobal
