
Microsoft Visual Studio Solution File, Format Version 12.00
# Visual Studio Version 16
VisualStudioVersion = 16.0.31624.102
MinimumVisualStudioVersion = 10.0.40219.1
Project("{8BC9CEB8-8B4A-11D0-8D11-00A0C91BC942}") = "SinCosExpLn", "SinCosExpLn\SinCosExpLn.vcxproj", "{0FBC54D7-03D8-4B25-9AFE-14F640666F46}"
EndProject
Global
	GlobalSection(SolutionConfigurationPlatforms) = preSolution
		Debug|x64 = Debug|x64
		Debug|x86 = Debug|x86
		Release|x64 = Release|x64
		Release|x86 = Release|x86
	EndGlobalSection
	GlobalSection(ProjectConfigurationPlatforms) = postSolution
		{0FBC54D7-03D8-4B25-9AFE-14F640666F46}.Debug|x64.ActiveCfg = Debug|x64
		{0FBC54D7-03D8-4B25-9AFE-14F640666F46}.Debug|x64.Build.0 = Debug|x64
		{0FBC54D7-03D8-4B25-9AFE-14F640666F46}.Debug|x86.ActiveCfg = Debug|Win32
		{0FBC54D7-03D8-4B25-9AFE-14F640666F46}.Debug|x86.Build.0 = Debug|Win32
		{0FBC54D7-03D8-4B25-9AFE-14F640666F46}.Release|x64.ActiveCfg = Release|x64
		{0FBC54D7-03D8-4B25-9AFE-14F640666F46}.Release|x64.Build.0 = Release|x64
		{0FBC54D7-03D8-4B25-9AFE-14F640666F46}.Release|x86.ActiveCfg = Release|Win32
		{0FBC54D7-03D8-4B25-9AFE-14F640666F46}.Release|x86.Build.0 = Release|Win32
	EndGlobalSection
	GlobalSection(SolutionProperties) = preSolution
		HideSolutionNode = FALSE
	EndGlobalSection
	GlobalSection(ExtensibilityGlobals) = postSolution
		SolutionGuid = {FAFA1354-D9E6-4218-8234-68A45E2F11DD}
	EndGlobalSection
EndGlobal
