
Microsoft Visual Studio Solution File, Format Version 12.00
# Visual Studio Version 16
VisualStudioVersion = 16.0.31729.503
MinimumVisualStudioVersion = 10.0.40219.1
Project("{8BC9CEB8-8B4A-11D0-8D11-00A0C91BC942}") = "Insertion_sort", "Insertion_sort\Insertion_sort.vcxproj", "{B81596C1-63FB-475C-84BF-4D5D60CEDBDF}"
EndProject
Global
	GlobalSection(SolutionConfigurationPlatforms) = preSolution
		Debug|x64 = Debug|x64
		Debug|x86 = Debug|x86
		Release|x64 = Release|x64
		Release|x86 = Release|x86
	EndGlobalSection
	GlobalSection(ProjectConfigurationPlatforms) = postSolution
		{B81596C1-63FB-475C-84BF-4D5D60CEDBDF}.Debug|x64.ActiveCfg = Debug|x64
		{B81596C1-63FB-475C-84BF-4D5D60CEDBDF}.Debug|x64.Build.0 = Debug|x64
		{B81596C1-63FB-475C-84BF-4D5D60CEDBDF}.Debug|x86.ActiveCfg = Debug|Win32
		{B81596C1-63FB-475C-84BF-4D5D60CEDBDF}.Debug|x86.Build.0 = Debug|Win32
		{B81596C1-63FB-475C-84BF-4D5D60CEDBDF}.Release|x64.ActiveCfg = Release|x64
		{B81596C1-63FB-475C-84BF-4D5D60CEDBDF}.Release|x64.Build.0 = Release|x64
		{B81596C1-63FB-475C-84BF-4D5D60CEDBDF}.Release|x86.ActiveCfg = Release|Win32
		{B81596C1-63FB-475C-84BF-4D5D60CEDBDF}.Release|x86.Build.0 = Release|Win32
	EndGlobalSection
	GlobalSection(SolutionProperties) = preSolution
		HideSolutionNode = FALSE
	EndGlobalSection
	GlobalSection(ExtensibilityGlobals) = postSolution
		SolutionGuid = {359C8CEC-45BB-4D02-B605-2F4930F2D4C6}
	EndGlobalSection
EndGlobal
