
Microsoft Visual Studio Solution File, Format Version 12.00
# Visual Studio Version 16
VisualStudioVersion = 16.0.31729.503
MinimumVisualStudioVersion = 10.0.40219.1
Project("{8BC9CEB8-8B4A-11D0-8D11-00A0C91BC942}") = "mergesort", "mergesort\mergesort.vcxproj", "{9BAB04BB-FCC9-4433-94E8-17774E8B1FFC}"
EndProject
Global
	GlobalSection(SolutionConfigurationPlatforms) = preSolution
		Debug|x64 = Debug|x64
		Debug|x86 = Debug|x86
		Release|x64 = Release|x64
		Release|x86 = Release|x86
	EndGlobalSection
	GlobalSection(ProjectConfigurationPlatforms) = postSolution
		{9BAB04BB-FCC9-4433-94E8-17774E8B1FFC}.Debug|x64.ActiveCfg = Debug|x64
		{9BAB04BB-FCC9-4433-94E8-17774E8B1FFC}.Debug|x64.Build.0 = Debug|x64
		{9BAB04BB-FCC9-4433-94E8-17774E8B1FFC}.Debug|x86.ActiveCfg = Debug|Win32
		{9BAB04BB-FCC9-4433-94E8-17774E8B1FFC}.Debug|x86.Build.0 = Debug|Win32
		{9BAB04BB-FCC9-4433-94E8-17774E8B1FFC}.Release|x64.ActiveCfg = Release|x64
		{9BAB04BB-FCC9-4433-94E8-17774E8B1FFC}.Release|x64.Build.0 = Release|x64
		{9BAB04BB-FCC9-4433-94E8-17774E8B1FFC}.Release|x86.ActiveCfg = Release|Win32
		{9BAB04BB-FCC9-4433-94E8-17774E8B1FFC}.Release|x86.Build.0 = Release|Win32
	EndGlobalSection
	GlobalSection(SolutionProperties) = preSolution
		HideSolutionNode = FALSE
	EndGlobalSection
	GlobalSection(ExtensibilityGlobals) = postSolution
		SolutionGuid = {A26F038B-F672-4C5B-AF79-D08FB28DDB2A}
	EndGlobalSection
EndGlobal
